// !$*UTF8*$!
{
	archiveVersion = 1;
	classes = {
	};
	objectVersion = 77;
	objects = {

/* Begin PBXContainerItemProxy section */
		A93A5F552EA8D72B00FCB2F2 /* PBXContainerItemProxy */ = {
			isa = PBXContainerItemProxy;
			containerPortal = C2DDF2832E9BA66800E76D0A /* Project object */;
			proxyType = 1;
			remoteGlobalIDString = A93A5F452EA8D72A00FCB2F2;
			remoteInfo = "MirrorBuddy macOS";
		};
		A93A5F5F2EA8D72B00FCB2F2 /* PBXContainerItemProxy */ = {
			isa = PBXContainerItemProxy;
			containerPortal = C2DDF2832E9BA66800E76D0A /* Project object */;
			proxyType = 1;
			remoteGlobalIDString = A93A5F452EA8D72A00FCB2F2;
			remoteInfo = "MirrorBuddy macOS";
		};
		C2DDF29D2E9BA66A00E76D0A /* PBXContainerItemProxy */ = {
			isa = PBXContainerItemProxy;
			containerPortal = C2DDF2832E9BA66800E76D0A /* Project object */;
			proxyType = 1;
			remoteGlobalIDString = C2DDF28A2E9BA66800E76D0A;
			remoteInfo = MirrorBuddy;
		};
		C2DDF2A72E9BA66A00E76D0A /* PBXContainerItemProxy */ = {
			isa = PBXContainerItemProxy;
			containerPortal = C2DDF2832E9BA66800E76D0A /* Project object */;
			proxyType = 1;
			remoteGlobalIDString = C2DDF28A2E9BA66800E76D0A;
			remoteInfo = MirrorBuddy;
		};
/* End PBXContainerItemProxy section */

/* Begin PBXFileReference section */
		A93A5F462EA8D72A00FCB2F2 /* MirrorBuddy macOS.app */ = {isa = PBXFileReference; explicitFileType = wrapper.application; includeInIndex = 0; path = "MirrorBuddy macOS.app"; sourceTree = BUILT_PRODUCTS_DIR; };
		A93A5F542EA8D72B00FCB2F2 /* MirrorBuddy macOSTests.xctest */ = {isa = PBXFileReference; explicitFileType = wrapper.cfbundle; includeInIndex = 0; path = "MirrorBuddy macOSTests.xctest"; sourceTree = BUILT_PRODUCTS_DIR; };
		A93A5F5E2EA8D72B00FCB2F2 /* MirrorBuddy macOSUITests.xctest */ = {isa = PBXFileReference; explicitFileType = wrapper.cfbundle; includeInIndex = 0; path = "MirrorBuddy macOSUITests.xctest"; sourceTree = BUILT_PRODUCTS_DIR; };
		C2DDF28B2E9BA66800E76D0A /* MirrorBuddy.app */ = {isa = PBXFileReference; explicitFileType = wrapper.application; includeInIndex = 0; path = MirrorBuddy.app; sourceTree = BUILT_PRODUCTS_DIR; };
		C2DDF29C2E9BA66A00E76D0A /* MirrorBuddyTests.xctest */ = {isa = PBXFileReference; explicitFileType = wrapper.cfbundle; includeInIndex = 0; path = MirrorBuddyTests.xctest; sourceTree = BUILT_PRODUCTS_DIR; };
		C2DDF2A62E9BA66A00E76D0A /* MirrorBuddyUITests.xctest */ = {isa = PBXFileReference; explicitFileType = wrapper.cfbundle; includeInIndex = 0; path = MirrorBuddyUITests.xctest; sourceTree = BUILT_PRODUCTS_DIR; };
/* End PBXFileReference section */

/* Begin PBXFileSystemSynchronizedBuildFileExceptionSet section */
		A93A5F862EA8D78E00FCB2F2 /* Exceptions for "MirrorBuddy macOS" folder in "MirrorBuddy macOSTests" target */ = {
			isa = PBXFileSystemSynchronizedBuildFileExceptionSet;
			membershipExceptions = (
				Commands/MirrorBuddyCommands.swift,
				Utilities/FeedbackManager.swift,
				Utilities/WindowManager.swift,
				Views/MacOSContentView.swift,
				Views/MacOSMainView.swift,
				Views/MacOSSidebarView.swift,
				Views/MacOSToolbar.swift,
			);
			target = A93A5F532EA8D72B00FCB2F2 /* MirrorBuddy macOSTests */;
		};
		A93A5F872EA8D78E00FCB2F2 /* Exceptions for "MirrorBuddy macOS" folder in "MirrorBuddy macOSUITests" target */ = {
			isa = PBXFileSystemSynchronizedBuildFileExceptionSet;
			membershipExceptions = (
				Commands/MirrorBuddyCommands.swift,
				Utilities/FeedbackManager.swift,
				Utilities/WindowManager.swift,
				Views/MacOSContentView.swift,
				Views/MacOSMainView.swift,
				Views/MacOSSidebarView.swift,
				Views/MacOSToolbar.swift,
			);
			target = A93A5F5D2EA8D72B00FCB2F2 /* MirrorBuddy macOSUITests */;
		};
		A93A5FBE2EA8D83100FCB2F2 /* Exceptions for "MirrorBuddy" folder in "MirrorBuddy macOS" target */ = {
			isa = PBXFileSystemSynchronizedBuildFileExceptionSet;
			membershipExceptions = (
				Core/API/APIError.swift,
				Core/API/CircuitBreaker.swift,
				Core/API/Fallback.swift,
				Core/API/Gemini/GeminiClient.swift,
				Core/API/Gemini/GeminiConfiguration.swift,
				Core/API/Gemini/GeminiError.swift,
				Core/API/Gemini/GeminiModels.swift,
				Core/API/GoogleDrive/GoogleDriveClient.swift,
				Core/API/GoogleWorkspace/GoogleAPIError.swift,
				Core/API/GoogleWorkspace/GoogleAPIModels.swift,
				Core/API/GoogleWorkspace/GoogleWorkspaceClient.swift,
				Core/API/GoogleWorkspace/GoogleWorkspaceConfiguration.swift,
				Core/API/OpenAI/ChatCompletionModels.swift,
				Core/API/OpenAI/OpenAIClient.swift,
				Core/API/OpenAI/OpenAIConfiguration.swift,
				Core/API/OpenAI/OpenAIError.swift,
				Core/API/OpenAI/OpenAIRealtimeClient.swift,
				Core/API/RetryableTask.swift,
				Core/Config/APIKeysConfig.swift,
				Core/DI/ServiceContainer.swift,
				Core/Models/VoiceSessionState.swift,
				Core/Protocols/AudioManaging.swift,
				Core/Protocols/BackgroundTaskManaging.swift,
				Core/Protocols/CameraManaging.swift,
				Core/Protocols/FeedbackProviding.swift,
				Core/Protocols/ImageProcessing.swift,
				Core/Protocols/PerformanceMonitoring.swift,
				Core/Protocols/TextToSpeechManaging.swift,
				Core/Security/KeychainManager.swift,
				Core/Services/GmailService.swift,
				Core/Services/GoogleCalendarService.swift,
				Core/Services/GoogleDriveDownloadService.swift,
				Core/Services/GoogleOAuthConfig.swift,
				Core/Services/GoogleOAuthService.swift,
				Core/Services/UpdateManager.swift,
				Features/Materials/MaterialDetailView.swift,
				Features/Materials/Views/DocumentScannerView.swift,
				Features/Materials/Views/MaterialCardView.swift,
				Features/Materials/Views/MaterialImportView.swift,
				Features/Onboarding/OnboardingAPIKeysView.swift,
				Features/Onboarding/OnboardingGoogleAccountView.swift,
				Features/Onboarding/OnboardingModels.swift,
				Features/Onboarding/OnboardingPermissionsView.swift,
				Features/Onboarding/OnboardingProgressIndicator.swift,
				Features/Onboarding/OnboardingSampleMaterialView.swift,
				Features/Onboarding/OnboardingView.swift,
				Features/Onboarding/OnboardingVoiceFirstTutorialView.swift,
				Features/Onboarding/OnboardingVoiceTutorialView.swift,
				Features/Settings/AliasManagementView.swift,
				Features/Settings/CoachPersonaSettingsView.swift,
				Features/Settings/DyslexiaSettingsView.swift,
				Features/Settings/GoogleDriveAuthView.swift,
				Features/Settings/GoogleOAuthConfigView.swift,
				Features/Settings/GuardianConsentSettingsView.swift,
				Features/Settings/LMSIntegrationView.swift,
				Features/Settings/SettingsView.swift,
				Features/Settings/SubjectSettingsView.swift,
				Features/Settings/WeeklyDigestSettingsView.swift,
				Features/Study/Views/StudyView.swift,
				Features/Tasks/EmailCalendarSyncView.swift,
				Features/Tasks/TaskDetailView.swift,
				Features/Tasks/TaskListView.swift,
				Features/Tasks/Views/TasksView.swift,
				Features/Voice/Views/BreathingAnimationView.swift,
				Features/Voice/Views/ConversationListView.swift,
				Features/Voice/Views/ExtendedVoiceRecordingView.swift,
				Features/Voice/Views/VoiceConversationView.swift,
				Features/Voice/Views/VoiceSettingsView.swift,
				Features/Voice/Views/VoiceView.swift,
			);
			target = A93A5F452EA8D72A00FCB2F2 /* MirrorBuddy macOS */;
		};
		A93A5FBF2EA8D83100FCB2F2 /* Exceptions for "MirrorBuddy" folder in "MirrorBuddy macOSTests" target */ = {
			isa = PBXFileSystemSynchronizedBuildFileExceptionSet;
			membershipExceptions = (
				Core/API/APIError.swift,
				Core/API/CircuitBreaker.swift,
				Core/API/Fallback.swift,
				Core/API/Gemini/GeminiClient.swift,
				Core/API/Gemini/GeminiConfiguration.swift,
				Core/API/Gemini/GeminiError.swift,
				Core/API/Gemini/GeminiModels.swift,
				Core/API/GoogleDrive/GoogleDriveClient.swift,
				Core/API/GoogleWorkspace/GoogleAPIError.swift,
				Core/API/GoogleWorkspace/GoogleAPIModels.swift,
				Core/API/GoogleWorkspace/GoogleWorkspaceClient.swift,
				Core/API/GoogleWorkspace/GoogleWorkspaceConfiguration.swift,
				Core/API/OpenAI/ChatCompletionModels.swift,
				Core/API/OpenAI/OpenAIClient.swift,
				Core/API/OpenAI/OpenAIConfiguration.swift,
				Core/API/OpenAI/OpenAIError.swift,
				Core/API/OpenAI/OpenAIRealtimeClient.swift,
				Core/API/RetryableTask.swift,
				Features/Materials/MaterialDetailView.swift,
				Features/Materials/Views/DocumentScannerView.swift,
				Features/Materials/Views/MaterialCardView.swift,
				Features/Materials/Views/MaterialImportView.swift,
			);
			target = A93A5F532EA8D72B00FCB2F2 /* MirrorBuddy macOSTests */;
		};
		A93A5FC02EA8D83100FCB2F2 /* Exceptions for "MirrorBuddy" folder in "MirrorBuddy macOSUITests" target */ = {
			isa = PBXFileSystemSynchronizedBuildFileExceptionSet;
			membershipExceptions = (
				Core/API/APIError.swift,
				Core/API/CircuitBreaker.swift,
				Core/API/Fallback.swift,
				Core/API/Gemini/GeminiClient.swift,
				Core/API/Gemini/GeminiConfiguration.swift,
				Core/API/Gemini/GeminiError.swift,
				Core/API/Gemini/GeminiModels.swift,
				Core/API/GoogleDrive/GoogleDriveClient.swift,
				Core/API/GoogleWorkspace/GoogleAPIError.swift,
				Core/API/GoogleWorkspace/GoogleAPIModels.swift,
				Core/API/GoogleWorkspace/GoogleWorkspaceClient.swift,
				Core/API/GoogleWorkspace/GoogleWorkspaceConfiguration.swift,
				Core/API/OpenAI/ChatCompletionModels.swift,
				Core/API/OpenAI/OpenAIClient.swift,
				Core/API/OpenAI/OpenAIConfiguration.swift,
				Core/API/OpenAI/OpenAIError.swift,
				Core/API/OpenAI/OpenAIRealtimeClient.swift,
				Core/API/RetryableTask.swift,
				Features/Materials/MaterialDetailView.swift,
				Features/Materials/Views/DocumentScannerView.swift,
				Features/Materials/Views/MaterialCardView.swift,
				Features/Materials/Views/MaterialImportView.swift,
			);
			target = A93A5F5D2EA8D72B00FCB2F2 /* MirrorBuddy macOSUITests */;
		};
		A93A5FD42EA8D8AD00FCB2F2 /* Exceptions for "MirrorBuddy macOS" folder in "MirrorBuddy" target */ = {
			isa = PBXFileSystemSynchronizedBuildFileExceptionSet;
			membershipExceptions = (
				MirrorBuddyMacApp.swift,
			);
			target = C2DDF28A2E9BA66800E76D0A /* MirrorBuddy */;
		};
		A93A5FD52EA8D8AD00FCB2F2 /* Exceptions for "MirrorBuddy macOS" folder in "MirrorBuddy macOS" target */ = {
			isa = PBXFileSystemSynchronizedBuildFileExceptionSet;
			membershipExceptions = (
				MirrorBuddyMacApp.swift,
			);
			target = A93A5F452EA8D72A00FCB2F2 /* MirrorBuddy macOS */;
		};
		C2DDF2AE2E9BA66A00E76D0A /* Exceptions for "MirrorBuddy" folder in "MirrorBuddy" target */ = {
			isa = PBXFileSystemSynchronizedBuildFileExceptionSet;
			membershipExceptions = (
				Info.plist,
			);
			target = C2DDF28A2E9BA66800E76D0A /* MirrorBuddy */;
		};
/* End PBXFileSystemSynchronizedBuildFileExceptionSet section */

/* Begin PBXFileSystemSynchronizedRootGroup section */
		A93A5F472EA8D72A00FCB2F2 /* MirrorBuddy macOS */ = {
			isa = PBXFileSystemSynchronizedRootGroup;
			exceptions = (
				A93A5FD42EA8D8AD00FCB2F2 /* Exceptions for "MirrorBuddy macOS" folder in "MirrorBuddy" target */,
				A93A5FD52EA8D8AD00FCB2F2 /* Exceptions for "MirrorBuddy macOS" folder in "MirrorBuddy macOS" target */,
				A93A5F862EA8D78E00FCB2F2 /* Exceptions for "MirrorBuddy macOS" folder in "MirrorBuddy macOSTests" target */,
				A93A5F872EA8D78E00FCB2F2 /* Exceptions for "MirrorBuddy macOS" folder in "MirrorBuddy macOSUITests" target */,
			);
			path = "MirrorBuddy macOS";
			sourceTree = "<group>";
		};
		A93A5F572EA8D72B00FCB2F2 /* MirrorBuddy macOSTests */ = {
			isa = PBXFileSystemSynchronizedRootGroup;
			path = "MirrorBuddy macOSTests";
			sourceTree = "<group>";
		};
		A93A5F612EA8D72B00FCB2F2 /* MirrorBuddy macOSUITests */ = {
			isa = PBXFileSystemSynchronizedRootGroup;
			path = "MirrorBuddy macOSUITests";
			sourceTree = "<group>";
		};
		C2DDF28D2E9BA66800E76D0A /* MirrorBuddy */ = {
			isa = PBXFileSystemSynchronizedRootGroup;
			exceptions = (
				C2DDF2AE2E9BA66A00E76D0A /* Exceptions for "MirrorBuddy" folder in "MirrorBuddy" target */,
				A93A5FBE2EA8D83100FCB2F2 /* Exceptions for "MirrorBuddy" folder in "MirrorBuddy macOS" target */,
				A93A5FBF2EA8D83100FCB2F2 /* Exceptions for "MirrorBuddy" folder in "MirrorBuddy macOSTests" target */,
				A93A5FC02EA8D83100FCB2F2 /* Exceptions for "MirrorBuddy" folder in "MirrorBuddy macOSUITests" target */,
			);
			path = MirrorBuddy;
			sourceTree = "<group>";
		};
		C2DDF29F2E9BA66A00E76D0A /* MirrorBuddyTests */ = {
			isa = PBXFileSystemSynchronizedRootGroup;
			path = MirrorBuddyTests;
			sourceTree = "<group>";
		};
		C2DDF2A92E9BA66A00E76D0A /* MirrorBuddyUITests */ = {
			isa = PBXFileSystemSynchronizedRootGroup;
			path = MirrorBuddyUITests;
			sourceTree = "<group>";
		};
/* End PBXFileSystemSynchronizedRootGroup section */

/* Begin PBXFrameworksBuildPhase section */
		A93A5F432EA8D72A00FCB2F2 /* Frameworks */ = {
			isa = PBXFrameworksBuildPhase;
			buildActionMask = 2147483647;
			files = (
			);
			runOnlyForDeploymentPostprocessing = 0;
		};
		A93A5F512EA8D72B00FCB2F2 /* Frameworks */ = {
			isa = PBXFrameworksBuildPhase;
			buildActionMask = 2147483647;
			files = (
			);
			runOnlyForDeploymentPostprocessing = 0;
		};
		A93A5F5B2EA8D72B00FCB2F2 /* Frameworks */ = {
			isa = PBXFrameworksBuildPhase;
			buildActionMask = 2147483647;
			files = (
			);
			runOnlyForDeploymentPostprocessing = 0;
		};
		C2DDF2882E9BA66800E76D0A /* Frameworks */ = {
			isa = PBXFrameworksBuildPhase;
			buildActionMask = 2147483647;
			files = (
			);
			runOnlyForDeploymentPostprocessing = 0;
		};
		C2DDF2992E9BA66A00E76D0A /* Frameworks */ = {
			isa = PBXFrameworksBuildPhase;
			buildActionMask = 2147483647;
			files = (
			);
			runOnlyForDeploymentPostprocessing = 0;
		};
		C2DDF2A32E9BA66A00E76D0A /* Frameworks */ = {
			isa = PBXFrameworksBuildPhase;
			buildActionMask = 2147483647;
			files = (
			);
			runOnlyForDeploymentPostprocessing = 0;
		};
/* End PBXFrameworksBuildPhase section */

/* Begin PBXGroup section */
		C2DDF2822E9BA66800E76D0A = {
			isa = PBXGroup;
			children = (
				C2DDF28D2E9BA66800E76D0A /* MirrorBuddy */,
				C2DDF29F2E9BA66A00E76D0A /* MirrorBuddyTests */,
				C2DDF2A92E9BA66A00E76D0A /* MirrorBuddyUITests */,
				A93A5F472EA8D72A00FCB2F2 /* MirrorBuddy macOS */,
				A93A5F572EA8D72B00FCB2F2 /* MirrorBuddy macOSTests */,
				A93A5F612EA8D72B00FCB2F2 /* MirrorBuddy macOSUITests */,
				C2DDF28C2E9BA66800E76D0A /* Products */,
			);
			sourceTree = "<group>";
		};
		C2DDF28C2E9BA66800E76D0A /* Products */ = {
			isa = PBXGroup;
			children = (
				C2DDF28B2E9BA66800E76D0A /* MirrorBuddy.app */,
				C2DDF29C2E9BA66A00E76D0A /* MirrorBuddyTests.xctest */,
				C2DDF2A62E9BA66A00E76D0A /* MirrorBuddyUITests.xctest */,
				A93A5F462EA8D72A00FCB2F2 /* MirrorBuddy macOS.app */,
				A93A5F542EA8D72B00FCB2F2 /* MirrorBuddy macOSTests.xctest */,
				A93A5F5E2EA8D72B00FCB2F2 /* MirrorBuddy macOSUITests.xctest */,
			);
			name = Products;
			sourceTree = "<group>";
		};
/* End PBXGroup section */

/* Begin PBXNativeTarget section */
		A93A5F452EA8D72A00FCB2F2 /* MirrorBuddy macOS */ = {
			isa = PBXNativeTarget;
			buildConfigurationList = A93A5F662EA8D72C00FCB2F2 /* Build configuration list for PBXNativeTarget "MirrorBuddy macOS" */;
			buildPhases = (
				A93A5F422EA8D72A00FCB2F2 /* Sources */,
				A93A5F432EA8D72A00FCB2F2 /* Frameworks */,
				A93A5F442EA8D72A00FCB2F2 /* Resources */,
			);
			buildRules = (
			);
			dependencies = (
			);
			fileSystemSynchronizedGroups = (
				A93A5F472EA8D72A00FCB2F2 /* MirrorBuddy macOS */,
			);
			name = "MirrorBuddy macOS";
			packageProductDependencies = (
			);
			productName = "MirrorBuddy macOS";
			productReference = A93A5F462EA8D72A00FCB2F2 /* MirrorBuddy macOS.app */;
			productType = "com.apple.product-type.application";
		};
		A93A5F532EA8D72B00FCB2F2 /* MirrorBuddy macOSTests */ = {
			isa = PBXNativeTarget;
			buildConfigurationList = A93A5F692EA8D72C00FCB2F2 /* Build configuration list for PBXNativeTarget "MirrorBuddy macOSTests" */;
			buildPhases = (
				A93A5F502EA8D72B00FCB2F2 /* Sources */,
				A93A5F512EA8D72B00FCB2F2 /* Frameworks */,
				A93A5F522EA8D72B00FCB2F2 /* Resources */,
			);
			buildRules = (
			);
			dependencies = (
				A93A5F562EA8D72B00FCB2F2 /* PBXTargetDependency */,
			);
			fileSystemSynchronizedGroups = (
				A93A5F572EA8D72B00FCB2F2 /* MirrorBuddy macOSTests */,
			);
			name = "MirrorBuddy macOSTests";
			packageProductDependencies = (
			);
			productName = "MirrorBuddy macOSTests";
			productReference = A93A5F542EA8D72B00FCB2F2 /* MirrorBuddy macOSTests.xctest */;
			productType = "com.apple.product-type.bundle.unit-test";
		};
		A93A5F5D2EA8D72B00FCB2F2 /* MirrorBuddy macOSUITests */ = {
			isa = PBXNativeTarget;
			buildConfigurationList = A93A5F6C2EA8D72C00FCB2F2 /* Build configuration list for PBXNativeTarget "MirrorBuddy macOSUITests" */;
			buildPhases = (
				A93A5F5A2EA8D72B00FCB2F2 /* Sources */,
				A93A5F5B2EA8D72B00FCB2F2 /* Frameworks */,
				A93A5F5C2EA8D72B00FCB2F2 /* Resources */,
			);
			buildRules = (
			);
			dependencies = (
				A93A5F602EA8D72B00FCB2F2 /* PBXTargetDependency */,
			);
			fileSystemSynchronizedGroups = (
				A93A5F612EA8D72B00FCB2F2 /* MirrorBuddy macOSUITests */,
			);
			name = "MirrorBuddy macOSUITests";
			packageProductDependencies = (
			);
			productName = "MirrorBuddy macOSUITests";
			productReference = A93A5F5E2EA8D72B00FCB2F2 /* MirrorBuddy macOSUITests.xctest */;
			productType = "com.apple.product-type.bundle.ui-testing";
		};
		C2DDF28A2E9BA66800E76D0A /* MirrorBuddy */ = {
			isa = PBXNativeTarget;
			buildConfigurationList = C2DDF2AF2E9BA66A00E76D0A /* Build configuration list for PBXNativeTarget "MirrorBuddy" */;
			buildPhases = (
				C2DDF2872E9BA66800E76D0A /* Sources */,
				C2DDF2882E9BA66800E76D0A /* Frameworks */,
				C2DDF2892E9BA66800E76D0A /* Resources */,
				84D74845BC1A4340A3E0C3C7 /* Copy OpenDyslexic Fonts */,
			);
			buildRules = (
			);
			dependencies = (
			);
			fileSystemSynchronizedGroups = (
				C2DDF28D2E9BA66800E76D0A /* MirrorBuddy */,
			);
			name = MirrorBuddy;
			productName = MirrorBuddy;
			productReference = C2DDF28B2E9BA66800E76D0A /* MirrorBuddy.app */;
			productType = "com.apple.product-type.application";
		};
		C2DDF29B2E9BA66A00E76D0A /* MirrorBuddyTests */ = {
			isa = PBXNativeTarget;
			buildConfigurationList = C2DDF2B42E9BA66A00E76D0A /* Build configuration list for PBXNativeTarget "MirrorBuddyTests" */;
			buildPhases = (
				C2DDF2982E9BA66A00E76D0A /* Sources */,
				C2DDF2992E9BA66A00E76D0A /* Frameworks */,
				C2DDF29A2E9BA66A00E76D0A /* Resources */,
			);
			buildRules = (
			);
			dependencies = (
				C2DDF29E2E9BA66A00E76D0A /* PBXTargetDependency */,
			);
			fileSystemSynchronizedGroups = (
				C2DDF29F2E9BA66A00E76D0A /* MirrorBuddyTests */,
			);
			name = MirrorBuddyTests;
			productName = MirrorBuddyTests;
			productReference = C2DDF29C2E9BA66A00E76D0A /* MirrorBuddyTests.xctest */;
			productType = "com.apple.product-type.bundle.unit-test";
		};
		C2DDF2A52E9BA66A00E76D0A /* MirrorBuddyUITests */ = {
			isa = PBXNativeTarget;
			buildConfigurationList = C2DDF2B72E9BA66A00E76D0A /* Build configuration list for PBXNativeTarget "MirrorBuddyUITests" */;
			buildPhases = (
				C2DDF2A22E9BA66A00E76D0A /* Sources */,
				C2DDF2A32E9BA66A00E76D0A /* Frameworks */,
				C2DDF2A42E9BA66A00E76D0A /* Resources */,
			);
			buildRules = (
			);
			dependencies = (
				C2DDF2A82E9BA66A00E76D0A /* PBXTargetDependency */,
			);
			fileSystemSynchronizedGroups = (
				C2DDF2A92E9BA66A00E76D0A /* MirrorBuddyUITests */,
			);
			name = MirrorBuddyUITests;
			productName = MirrorBuddyUITests;
			productReference = C2DDF2A62E9BA66A00E76D0A /* MirrorBuddyUITests.xctest */;
			productType = "com.apple.product-type.bundle.ui-testing";
		};
/* End PBXNativeTarget section */

/* Begin PBXProject section */
		C2DDF2832E9BA66800E76D0A /* Project object */ = {
			isa = PBXProject;
			attributes = {
				BuildIndependentTargetsInParallel = 1;
				LastSwiftUpdateCheck = 2600;
				LastUpgradeCheck = 2600;
				TargetAttributes = {
					A93A5F452EA8D72A00FCB2F2 = {
						CreatedOnToolsVersion = 26.0.1;
					};
					A93A5F532EA8D72B00FCB2F2 = {
						CreatedOnToolsVersion = 26.0.1;
						TestTargetID = A93A5F452EA8D72A00FCB2F2;
					};
					A93A5F5D2EA8D72B00FCB2F2 = {
						CreatedOnToolsVersion = 26.0.1;
						TestTargetID = A93A5F452EA8D72A00FCB2F2;
					};
					C2DDF28A2E9BA66800E76D0A = {
						CreatedOnToolsVersion = 26.0.1;
					};
					C2DDF29B2E9BA66A00E76D0A = {
						CreatedOnToolsVersion = 26.0.1;
						TestTargetID = C2DDF28A2E9BA66800E76D0A;
					};
					C2DDF2A52E9BA66A00E76D0A = {
						CreatedOnToolsVersion = 26.0.1;
						TestTargetID = C2DDF28A2E9BA66800E76D0A;
					};
				};
			};
			buildConfigurationList = C2DDF2862E9BA66800E76D0A /* Build configuration list for PBXProject "MirrorBuddy" */;
			developmentRegion = en;
			hasScannedForEncodings = 0;
			knownRegions = (
				en,
				Base,
			);
			mainGroup = C2DDF2822E9BA66800E76D0A;
			minimizedProjectReferenceProxies = 1;
			preferredProjectObjectVersion = 77;
			productRefGroup = C2DDF28C2E9BA66800E76D0A /* Products */;
			projectDirPath = "";
			projectRoot = "";
			targets = (
				C2DDF28A2E9BA66800E76D0A /* MirrorBuddy */,
				C2DDF29B2E9BA66A00E76D0A /* MirrorBuddyTests */,
				C2DDF2A52E9BA66A00E76D0A /* MirrorBuddyUITests */,
				A93A5F452EA8D72A00FCB2F2 /* MirrorBuddy macOS */,
				A93A5F532EA8D72B00FCB2F2 /* MirrorBuddy macOSTests */,
				A93A5F5D2EA8D72B00FCB2F2 /* MirrorBuddy macOSUITests */,
			);
		};
/* End PBXProject section */

/* Begin PBXResourcesBuildPhase section */
		A93A5F442EA8D72A00FCB2F2 /* Resources */ = {
			isa = PBXResourcesBuildPhase;
			buildActionMask = 2147483647;
			files = (
			);
			runOnlyForDeploymentPostprocessing = 0;
		};
		A93A5F522EA8D72B00FCB2F2 /* Resources */ = {
			isa = PBXResourcesBuildPhase;
			buildActionMask = 2147483647;
			files = (
			);
			runOnlyForDeploymentPostprocessing = 0;
		};
		A93A5F5C2EA8D72B00FCB2F2 /* Resources */ = {
			isa = PBXResourcesBuildPhase;
			buildActionMask = 2147483647;
			files = (
			);
			runOnlyForDeploymentPostprocessing = 0;
		};
		C2DDF2892E9BA66800E76D0A /* Resources */ = {
			isa = PBXResourcesBuildPhase;
			buildActionMask = 2147483647;
			files = (
			);
			runOnlyForDeploymentPostprocessing = 0;
		};
		C2DDF29A2E9BA66A00E76D0A /* Resources */ = {
			isa = PBXResourcesBuildPhase;
			buildActionMask = 2147483647;
			files = (
			);
			runOnlyForDeploymentPostprocessing = 0;
		};
		C2DDF2A42E9BA66A00E76D0A /* Resources */ = {
			isa = PBXResourcesBuildPhase;
			buildActionMask = 2147483647;
			files = (
			);
			runOnlyForDeploymentPostprocessing = 0;
		};
/* End PBXResourcesBuildPhase section */

/* Begin PBXShellScriptBuildPhase section */
		84D74845BC1A4340A3E0C3C7 /* Copy OpenDyslexic Fonts */ = {
			isa = PBXShellScriptBuildPhase;
			alwaysOutOfDate = 1;
			buildActionMask = 2147483647;
			files = (
			);
			inputFileListPaths = (
			);
			inputPaths = (
				"$(SRCROOT)/MirrorBuddy/Resources/Fonts/OpenDyslexic-Regular.otf",
				"$(SRCROOT)/MirrorBuddy/Resources/Fonts/OpenDyslexic-Bold.otf",
				"$(SRCROOT)/MirrorBuddy/Resources/Fonts/OpenDyslexic-Italic.otf",
				"$(SRCROOT)/MirrorBuddy/Resources/Fonts/OpenDyslexic-Bold-Italic.otf",
			);
			name = "Copy OpenDyslexic Fonts";
			outputFileListPaths = (
			);
			outputPaths = (
				"$(BUILT_PRODUCTS_DIR)/$(PRODUCT_NAME).app/Fonts/OpenDyslexic-Regular.otf",
				"$(BUILT_PRODUCTS_DIR)/$(PRODUCT_NAME).app/Fonts/OpenDyslexic-Bold.otf",
				"$(BUILT_PRODUCTS_DIR)/$(PRODUCT_NAME).app/Fonts/OpenDyslexic-Italic.otf",
				"$(BUILT_PRODUCTS_DIR)/$(PRODUCT_NAME).app/Fonts/OpenDyslexic-Bold-Italic.otf",
			);
			runOnlyForDeploymentPostprocessing = 0;
			shellPath = /bin/sh;
			shellScript = "# Copy OpenDyslexic fonts to app bundle\nFONTS_SRC=\"${SRCROOT}/MirrorBuddy/Resources/Fonts\"\nFONTS_DEST=\"${BUILT_PRODUCTS_DIR}/${PRODUCT_NAME}.app/Fonts\"\n\necho \"Copying OpenDyslexic fonts...\"\nmkdir -p \"${FONTS_DEST}\"\ncp \"${FONTS_SRC}\"/OpenDyslexic-*.otf \"${FONTS_DEST}/\"\necho \"✅ Fonts copied to ${FONTS_DEST}\"\n";
		};
/* End PBXShellScriptBuildPhase section */

/* Begin PBXSourcesBuildPhase section */
		A93A5F422EA8D72A00FCB2F2 /* Sources */ = {
			isa = PBXSourcesBuildPhase;
			buildActionMask = 2147483647;
			files = (
			);
			runOnlyForDeploymentPostprocessing = 0;
		};
		A93A5F502EA8D72B00FCB2F2 /* Sources */ = {
			isa = PBXSourcesBuildPhase;
			buildActionMask = 2147483647;
			files = (
			);
			runOnlyForDeploymentPostprocessing = 0;
		};
		A93A5F5A2EA8D72B00FCB2F2 /* Sources */ = {
			isa = PBXSourcesBuildPhase;
			buildActionMask = 2147483647;
			files = (
			);
			runOnlyForDeploymentPostprocessing = 0;
		};
		C2DDF2872E9BA66800E76D0A /* Sources */ = {
			isa = PBXSourcesBuildPhase;
			buildActionMask = 2147483647;
			files = (
			);
			runOnlyForDeploymentPostprocessing = 0;
		};
		C2DDF2982E9BA66A00E76D0A /* Sources */ = {
			isa = PBXSourcesBuildPhase;
			buildActionMask = 2147483647;
			files = (
			);
			runOnlyForDeploymentPostprocessing = 0;
		};
		C2DDF2A22E9BA66A00E76D0A /* Sources */ = {
			isa = PBXSourcesBuildPhase;
			buildActionMask = 2147483647;
			files = (
			);
			runOnlyForDeploymentPostprocessing = 0;
		};
/* End PBXSourcesBuildPhase section */

/* Begin PBXTargetDependency section */
		A93A5F562EA8D72B00FCB2F2 /* PBXTargetDependency */ = {
			isa = PBXTargetDependency;
			target = A93A5F452EA8D72A00FCB2F2 /* MirrorBuddy macOS */;
			targetProxy = A93A5F552EA8D72B00FCB2F2 /* PBXContainerItemProxy */;
		};
		A93A5F602EA8D72B00FCB2F2 /* PBXTargetDependency */ = {
			isa = PBXTargetDependency;
			target = A93A5F452EA8D72A00FCB2F2 /* MirrorBuddy macOS */;
			targetProxy = A93A5F5F2EA8D72B00FCB2F2 /* PBXContainerItemProxy */;
		};
		C2DDF29E2E9BA66A00E76D0A /* PBXTargetDependency */ = {
			isa = PBXTargetDependency;
			target = C2DDF28A2E9BA66800E76D0A /* MirrorBuddy */;
			targetProxy = C2DDF29D2E9BA66A00E76D0A /* PBXContainerItemProxy */;
		};
		C2DDF2A82E9BA66A00E76D0A /* PBXTargetDependency */ = {
			isa = PBXTargetDependency;
			target = C2DDF28A2E9BA66800E76D0A /* MirrorBuddy */;
			targetProxy = C2DDF2A72E9BA66A00E76D0A /* PBXContainerItemProxy */;
		};
/* End PBXTargetDependency section */

/* Begin XCBuildConfiguration section */
		A93A5F672EA8D72C00FCB2F2 /* Debug */ = {
			isa = XCBuildConfiguration;
			buildSettings = {
				ASSETCATALOG_COMPILER_APPICON_NAME = AppIcon;
				ASSETCATALOG_COMPILER_GLOBAL_ACCENT_COLOR_NAME = AccentColor;
				AUTOMATION_APPLE_EVENTS = NO;
				CODE_SIGN_ENTITLEMENTS = "MirrorBuddy macOS/MirrorBuddy macOS.entitlements";
				CODE_SIGN_STYLE = Automatic;
				COMBINE_HIDPI_IMAGES = YES;
				CURRENT_PROJECT_VERSION = 1;
				DEVELOPMENT_TEAM = 93T3LG4NPG;
				ENABLE_APP_SANDBOX = YES;
				ENABLE_HARDENED_RUNTIME = YES;
				ENABLE_INCOMING_NETWORK_CONNECTIONS = YES;
				ENABLE_OUTGOING_NETWORK_CONNECTIONS = YES;
				ENABLE_PREVIEWS = YES;
				ENABLE_RESOURCE_ACCESS_AUDIO_INPUT = YES;
				ENABLE_RESOURCE_ACCESS_BLUETOOTH = YES;
				ENABLE_RESOURCE_ACCESS_CALENDARS = YES;
				ENABLE_RESOURCE_ACCESS_CAMERA = YES;
				ENABLE_RESOURCE_ACCESS_CONTACTS = YES;
				ENABLE_RESOURCE_ACCESS_LOCATION = YES;
				ENABLE_RESOURCE_ACCESS_PHOTO_LIBRARY = YES;
				ENABLE_RESOURCE_ACCESS_PRINTING = YES;
				ENABLE_RESOURCE_ACCESS_USB = NO;
				ENABLE_USER_SCRIPT_SANDBOXING = YES;
				ENABLE_USER_SELECTED_FILES = readonly;
				GENERATE_INFOPLIST_FILE = YES;
				INFOPLIST_KEY_CFBundleDisplayName = MirrorBuddy;
				INFOPLIST_KEY_LSApplicationCategoryType = "public.app-category.education";
				INFOPLIST_KEY_NSHumanReadableCopyright = "";
				LD_RUNPATH_SEARCH_PATHS = (
					"$(inherited)",
					"@executable_path/../Frameworks",
				);
				MACOSX_DEPLOYMENT_TARGET = 26.0;
				MARKETING_VERSION = 1.0;
				PRODUCT_BUNDLE_IDENTIFIER = "com.mirror-labs.MirrorBuddy-macOS";
				PRODUCT_NAME = "$(TARGET_NAME)";
				REGISTER_APP_GROUPS = YES;
				RUNTIME_EXCEPTION_ALLOW_DYLD_ENVIRONMENT_VARIABLES = NO;
				RUNTIME_EXCEPTION_ALLOW_JIT = NO;
				RUNTIME_EXCEPTION_ALLOW_UNSIGNED_EXECUTABLE_MEMORY = NO;
				RUNTIME_EXCEPTION_DEBUGGING_TOOL = NO;
				RUNTIME_EXCEPTION_DISABLE_EXECUTABLE_PAGE_PROTECTION = NO;
				RUNTIME_EXCEPTION_DISABLE_LIBRARY_VALIDATION = NO;
				SDKROOT = macosx;
				STRING_CATALOG_GENERATE_SYMBOLS = YES;
				SWIFT_APPROACHABLE_CONCURRENCY = YES;
				SWIFT_DEFAULT_ACTOR_ISOLATION = MainActor;
				SWIFT_EMIT_LOC_STRINGS = YES;
				SWIFT_UPCOMING_FEATURE_MEMBER_IMPORT_VISIBILITY = YES;
				SWIFT_VERSION = 5.0;
			};
			name = Debug;
		};
		A93A5F682EA8D72C00FCB2F2 /* Release */ = {
			isa = XCBuildConfiguration;
			buildSettings = {
				ASSETCATALOG_COMPILER_APPICON_NAME = AppIcon;
				ASSETCATALOG_COMPILER_GLOBAL_ACCENT_COLOR_NAME = AccentColor;
				AUTOMATION_APPLE_EVENTS = NO;
				CODE_SIGN_ENTITLEMENTS = "MirrorBuddy macOS/MirrorBuddy macOS.entitlements";
				CODE_SIGN_STYLE = Automatic;
				COMBINE_HIDPI_IMAGES = YES;
				CURRENT_PROJECT_VERSION = 1;
				DEVELOPMENT_TEAM = 93T3LG4NPG;
				ENABLE_APP_SANDBOX = YES;
				ENABLE_HARDENED_RUNTIME = YES;
				ENABLE_INCOMING_NETWORK_CONNECTIONS = YES;
				ENABLE_OUTGOING_NETWORK_CONNECTIONS = YES;
				ENABLE_PREVIEWS = YES;
				ENABLE_RESOURCE_ACCESS_AUDIO_INPUT = YES;
				ENABLE_RESOURCE_ACCESS_BLUETOOTH = YES;
				ENABLE_RESOURCE_ACCESS_CALENDARS = YES;
				ENABLE_RESOURCE_ACCESS_CAMERA = YES;
				ENABLE_RESOURCE_ACCESS_CONTACTS = YES;
				ENABLE_RESOURCE_ACCESS_LOCATION = YES;
				ENABLE_RESOURCE_ACCESS_PHOTO_LIBRARY = YES;
				ENABLE_RESOURCE_ACCESS_PRINTING = YES;
				ENABLE_RESOURCE_ACCESS_USB = NO;
				ENABLE_USER_SCRIPT_SANDBOXING = YES;
				ENABLE_USER_SELECTED_FILES = readonly;
				GENERATE_INFOPLIST_FILE = YES;
				INFOPLIST_KEY_CFBundleDisplayName = MirrorBuddy;
				INFOPLIST_KEY_LSApplicationCategoryType = "public.app-category.education";
				INFOPLIST_KEY_NSHumanReadableCopyright = "";
				LD_RUNPATH_SEARCH_PATHS = (
					"$(inherited)",
					"@executable_path/../Frameworks",
				);
				MACOSX_DEPLOYMENT_TARGET = 26.0;
				MARKETING_VERSION = 1.0;
				PRODUCT_BUNDLE_IDENTIFIER = "com.mirror-labs.MirrorBuddy-macOS";
				PRODUCT_NAME = "$(TARGET_NAME)";
				REGISTER_APP_GROUPS = YES;
				RUNTIME_EXCEPTION_ALLOW_DYLD_ENVIRONMENT_VARIABLES = NO;
				RUNTIME_EXCEPTION_ALLOW_JIT = NO;
				RUNTIME_EXCEPTION_ALLOW_UNSIGNED_EXECUTABLE_MEMORY = NO;
				RUNTIME_EXCEPTION_DEBUGGING_TOOL = NO;
				RUNTIME_EXCEPTION_DISABLE_EXECUTABLE_PAGE_PROTECTION = NO;
				RUNTIME_EXCEPTION_DISABLE_LIBRARY_VALIDATION = NO;
				SDKROOT = macosx;
				STRING_CATALOG_GENERATE_SYMBOLS = YES;
				SWIFT_APPROACHABLE_CONCURRENCY = YES;
				SWIFT_DEFAULT_ACTOR_ISOLATION = MainActor;
				SWIFT_EMIT_LOC_STRINGS = YES;
				SWIFT_UPCOMING_FEATURE_MEMBER_IMPORT_VISIBILITY = YES;
				SWIFT_VERSION = 5.0;
			};
			name = Release;
		};
		A93A5F6A2EA8D72C00FCB2F2 /* Debug */ = {
			isa = XCBuildConfiguration;
			buildSettings = {
				BUNDLE_LOADER = "$(TEST_HOST)";
				CODE_SIGN_STYLE = Automatic;
				CURRENT_PROJECT_VERSION = 1;
				DEVELOPMENT_TEAM = 93T3LG4NPG;
				ENABLE_USER_SCRIPT_SANDBOXING = YES;
				GENERATE_INFOPLIST_FILE = YES;
				MACOSX_DEPLOYMENT_TARGET = 26.0;
				MARKETING_VERSION = 1.0;
				PRODUCT_BUNDLE_IDENTIFIER = "com.mirror-labs.MirrorBuddy-macOSTests";
				PRODUCT_NAME = "$(TARGET_NAME)";
				SDKROOT = macosx;
				STRING_CATALOG_GENERATE_SYMBOLS = NO;
				SWIFT_APPROACHABLE_CONCURRENCY = YES;
				SWIFT_EMIT_LOC_STRINGS = NO;
				SWIFT_UPCOMING_FEATURE_MEMBER_IMPORT_VISIBILITY = YES;
				SWIFT_VERSION = 5.0;
				TEST_HOST = "$(BUILT_PRODUCTS_DIR)/MirrorBuddy macOS.app/$(BUNDLE_EXECUTABLE_FOLDER_PATH)/MirrorBuddy macOS";
			};
			name = Debug;
		};
		A93A5F6B2EA8D72C00FCB2F2 /* Release */ = {
			isa = XCBuildConfiguration;
			buildSettings = {
				BUNDLE_LOADER = "$(TEST_HOST)";
				CODE_SIGN_STYLE = Automatic;
				CURRENT_PROJECT_VERSION = 1;
				DEVELOPMENT_TEAM = 93T3LG4NPG;
				ENABLE_USER_SCRIPT_SANDBOXING = YES;
				GENERATE_INFOPLIST_FILE = YES;
				MACOSX_DEPLOYMENT_TARGET = 26.0;
				MARKETING_VERSION = 1.0;
				PRODUCT_BUNDLE_IDENTIFIER = "com.mirror-labs.MirrorBuddy-macOSTests";
				PRODUCT_NAME = "$(TARGET_NAME)";
				SDKROOT = macosx;
				STRING_CATALOG_GENERATE_SYMBOLS = NO;
				SWIFT_APPROACHABLE_CONCURRENCY = YES;
				SWIFT_EMIT_LOC_STRINGS = NO;
				SWIFT_UPCOMING_FEATURE_MEMBER_IMPORT_VISIBILITY = YES;
				SWIFT_VERSION = 5.0;
				TEST_HOST = "$(BUILT_PRODUCTS_DIR)/MirrorBuddy macOS.app/$(BUNDLE_EXECUTABLE_FOLDER_PATH)/MirrorBuddy macOS";
			};
			name = Release;
		};
		A93A5F6D2EA8D72C00FCB2F2 /* Debug */ = {
			isa = XCBuildConfiguration;
			buildSettings = {
				CODE_SIGN_STYLE = Automatic;
				CURRENT_PROJECT_VERSION = 1;
				DEVELOPMENT_TEAM = 93T3LG4NPG;
				ENABLE_USER_SCRIPT_SANDBOXING = YES;
				GENERATE_INFOPLIST_FILE = YES;
				MACOSX_DEPLOYMENT_TARGET = 26.0;
				MARKETING_VERSION = 1.0;
				PRODUCT_BUNDLE_IDENTIFIER = "com.mirror-labs.MirrorBuddy-macOSUITests";
				PRODUCT_NAME = "$(TARGET_NAME)";
				SDKROOT = macosx;
				STRING_CATALOG_GENERATE_SYMBOLS = NO;
				SWIFT_APPROACHABLE_CONCURRENCY = YES;
				SWIFT_EMIT_LOC_STRINGS = NO;
				SWIFT_UPCOMING_FEATURE_MEMBER_IMPORT_VISIBILITY = YES;
				SWIFT_VERSION = 5.0;
				TEST_TARGET_NAME = "MirrorBuddy macOS";
			};
			name = Debug;
		};
		A93A5F6E2EA8D72C00FCB2F2 /* Release */ = {
			isa = XCBuildConfiguration;
			buildSettings = {
				CODE_SIGN_STYLE = Automatic;
				CURRENT_PROJECT_VERSION = 1;
				DEVELOPMENT_TEAM = 93T3LG4NPG;
				ENABLE_USER_SCRIPT_SANDBOXING = YES;
				GENERATE_INFOPLIST_FILE = YES;
				MACOSX_DEPLOYMENT_TARGET = 26.0;
				MARKETING_VERSION = 1.0;
				PRODUCT_BUNDLE_IDENTIFIER = "com.mirror-labs.MirrorBuddy-macOSUITests";
				PRODUCT_NAME = "$(TARGET_NAME)";
				SDKROOT = macosx;
				STRING_CATALOG_GENERATE_SYMBOLS = NO;
				SWIFT_APPROACHABLE_CONCURRENCY = YES;
				SWIFT_EMIT_LOC_STRINGS = NO;
				SWIFT_UPCOMING_FEATURE_MEMBER_IMPORT_VISIBILITY = YES;
				SWIFT_VERSION = 5.0;
				TEST_TARGET_NAME = "MirrorBuddy macOS";
			};
			name = Release;
		};
		C2DDF2B02E9BA66A00E76D0A /* Debug */ = {
			isa = XCBuildConfiguration;
			buildSettings = {
				ASSETCATALOG_COMPILER_APPICON_NAME = AppIcon;
				ASSETCATALOG_COMPILER_GLOBAL_ACCENT_COLOR_NAME = AccentColor;
				CODE_SIGN_ENTITLEMENTS = MirrorBuddy/MirrorBuddy.entitlements;
				CODE_SIGN_IDENTITY = "Apple Development";
				CODE_SIGN_STYLE = Automatic;
				CURRENT_PROJECT_VERSION = 1;
				DEVELOPMENT_TEAM = 93T3LG4NPG;
				ENABLE_APP_SANDBOX = YES;
				ENABLE_HARDENED_RUNTIME = YES;
				ENABLE_PREVIEWS = YES;
				ENABLE_USER_SELECTED_FILES = readonly;
				GENERATE_INFOPLIST_FILE = YES;
				INFOPLIST_FILE = MirrorBuddy/Info.plist;
				INFOPLIST_KEY_CFBundleDisplayName = MirrorBuddy;
				INFOPLIST_KEY_LSApplicationCategoryType = "public.app-category.education";
				"INFOPLIST_KEY_UIApplicationSceneManifest_Generation[sdk=iphoneos*]" = YES;
				"INFOPLIST_KEY_UIApplicationSceneManifest_Generation[sdk=iphonesimulator*]" = YES;
				"INFOPLIST_KEY_UIApplicationSupportsIndirectInputEvents[sdk=iphoneos*]" = YES;
				"INFOPLIST_KEY_UIApplicationSupportsIndirectInputEvents[sdk=iphonesimulator*]" = YES;
				"INFOPLIST_KEY_UILaunchScreen_Generation[sdk=iphoneos*]" = YES;
				"INFOPLIST_KEY_UILaunchScreen_Generation[sdk=iphonesimulator*]" = YES;
				"INFOPLIST_KEY_UIStatusBarStyle[sdk=iphoneos*]" = UIStatusBarStyleDefault;
				"INFOPLIST_KEY_UIStatusBarStyle[sdk=iphonesimulator*]" = UIStatusBarStyleDefault;
				INFOPLIST_KEY_UISupportedInterfaceOrientations_iPad = "UIInterfaceOrientationPortrait UIInterfaceOrientationPortraitUpsideDown UIInterfaceOrientationLandscapeLeft UIInterfaceOrientationLandscapeRight";
				INFOPLIST_KEY_UISupportedInterfaceOrientations_iPhone = "UIInterfaceOrientationPortrait UIInterfaceOrientationLandscapeLeft UIInterfaceOrientationLandscapeRight";
				IPHONEOS_DEPLOYMENT_TARGET = 17.0;
				LD_RUNPATH_SEARCH_PATHS = "@executable_path/Frameworks";
				"LD_RUNPATH_SEARCH_PATHS[sdk=macosx*]" = "@executable_path/../Frameworks";
				MACOSX_DEPLOYMENT_TARGET = 26.0;
				MARKETING_VERSION = 1.0;
				PRODUCT_BUNDLE_IDENTIFIER = "com.mirror-labs.MirrorBuddy";
				PRODUCT_NAME = "$(TARGET_NAME)";
				PROVISIONING_PROFILE_SPECIFIER = "";
				REGISTER_APP_GROUPS = YES;
				SDKROOT = auto;
				STRING_CATALOG_GENERATE_SYMBOLS = YES;
				SUPPORTED_PLATFORMS = "iphoneos iphonesimulator";
				SUPPORTS_MACCATALYST = NO;
				SWIFT_APPROACHABLE_CONCURRENCY = YES;
				SWIFT_DEFAULT_ACTOR_ISOLATION = MainActor;
				SWIFT_EMIT_LOC_STRINGS = YES;
				SWIFT_STRICT_CONCURRENCY = complete;
				SWIFT_UPCOMING_FEATURE_MEMBER_IMPORT_VISIBILITY = YES;
				SWIFT_VERSION = 6.0;
				TARGETED_DEVICE_FAMILY = "1,2";
				XROS_DEPLOYMENT_TARGET = 26.0;
			};
			name = Debug;
		};
		C2DDF2B12E9BA66A00E76D0A /* Release */ = {
			isa = XCBuildConfiguration;
			buildSettings = {
				ASSETCATALOG_COMPILER_APPICON_NAME = AppIcon;
				ASSETCATALOG_COMPILER_GLOBAL_ACCENT_COLOR_NAME = AccentColor;
				CODE_SIGN_ENTITLEMENTS = MirrorBuddy/MirrorBuddy.entitlements;
				CODE_SIGN_IDENTITY = "Apple Development";
				CODE_SIGN_STYLE = Automatic;
				CURRENT_PROJECT_VERSION = 1;
				DEVELOPMENT_TEAM = 93T3LG4NPG;
				ENABLE_APP_SANDBOX = YES;
				ENABLE_HARDENED_RUNTIME = YES;
				ENABLE_PREVIEWS = YES;
				ENABLE_USER_SELECTED_FILES = readonly;
				GENERATE_INFOPLIST_FILE = YES;
				INFOPLIST_FILE = MirrorBuddy/Info.plist;
				INFOPLIST_KEY_CFBundleDisplayName = MirrorBuddy;
				INFOPLIST_KEY_LSApplicationCategoryType = "public.app-category.education";
				"INFOPLIST_KEY_UIApplicationSceneManifest_Generation[sdk=iphoneos*]" = YES;
				"INFOPLIST_KEY_UIApplicationSceneManifest_Generation[sdk=iphonesimulator*]" = YES;
				"INFOPLIST_KEY_UIApplicationSupportsIndirectInputEvents[sdk=iphoneos*]" = YES;
				"INFOPLIST_KEY_UIApplicationSupportsIndirectInputEvents[sdk=iphonesimulator*]" = YES;
				"INFOPLIST_KEY_UILaunchScreen_Generation[sdk=iphoneos*]" = YES;
				"INFOPLIST_KEY_UILaunchScreen_Generation[sdk=iphonesimulator*]" = YES;
				"INFOPLIST_KEY_UIStatusBarStyle[sdk=iphoneos*]" = UIStatusBarStyleDefault;
				"INFOPLIST_KEY_UIStatusBarStyle[sdk=iphonesimulator*]" = UIStatusBarStyleDefault;
				INFOPLIST_KEY_UISupportedInterfaceOrientations_iPad = "UIInterfaceOrientationPortrait UIInterfaceOrientationPortraitUpsideDown UIInterfaceOrientationLandscapeLeft UIInterfaceOrientationLandscapeRight";
				INFOPLIST_KEY_UISupportedInterfaceOrientations_iPhone = "UIInterfaceOrientationPortrait UIInterfaceOrientationLandscapeLeft UIInterfaceOrientationLandscapeRight";
				IPHONEOS_DEPLOYMENT_TARGET = 17.0;
				LD_RUNPATH_SEARCH_PATHS = "@executable_path/Frameworks";
				"LD_RUNPATH_SEARCH_PATHS[sdk=macosx*]" = "@executable_path/../Frameworks";
				MACOSX_DEPLOYMENT_TARGET = 26.0;
				MARKETING_VERSION = 1.0;
				PRODUCT_BUNDLE_IDENTIFIER = "com.mirror-labs.MirrorBuddy";
				PRODUCT_NAME = "$(TARGET_NAME)";
				PROVISIONING_PROFILE_SPECIFIER = "";
				REGISTER_APP_GROUPS = YES;
				SDKROOT = auto;
				STRING_CATALOG_GENERATE_SYMBOLS = YES;
				SUPPORTED_PLATFORMS = "iphoneos iphonesimulator";
				SUPPORTS_MACCATALYST = NO;
				SWIFT_APPROACHABLE_CONCURRENCY = YES;
				SWIFT_DEFAULT_ACTOR_ISOLATION = MainActor;
				SWIFT_EMIT_LOC_STRINGS = YES;
				SWIFT_STRICT_CONCURRENCY = complete;
				SWIFT_UPCOMING_FEATURE_MEMBER_IMPORT_VISIBILITY = YES;
				SWIFT_VERSION = 6.0;
				TARGETED_DEVICE_FAMILY = "1,2";
				XROS_DEPLOYMENT_TARGET = 26.0;
			};
			name = Release;
		};
		C2DDF2B22E9BA66A00E76D0A /* Debug */ = {
			isa = XCBuildConfiguration;
			buildSettings = {
				ALWAYS_SEARCH_USER_PATHS = NO;
				ASSETCATALOG_COMPILER_GENERATE_SWIFT_ASSET_SYMBOL_EXTENSIONS = YES;
				CLANG_ANALYZER_NONNULL = YES;
				CLANG_ANALYZER_NUMBER_OBJECT_CONVERSION = YES_AGGRESSIVE;
				CLANG_CXX_LANGUAGE_STANDARD = "gnu++20";
				CLANG_ENABLE_MODULES = YES;
				CLANG_ENABLE_OBJC_ARC = YES;
				CLANG_ENABLE_OBJC_WEAK = YES;
				CLANG_WARN_BLOCK_CAPTURE_AUTORELEASING = YES;
				CLANG_WARN_BOOL_CONVERSION = YES;
				CLANG_WARN_COMMA = YES;
				CLANG_WARN_CONSTANT_CONVERSION = YES;
				CLANG_WARN_DEPRECATED_OBJC_IMPLEMENTATIONS = YES;
				CLANG_WARN_DIRECT_OBJC_ISA_USAGE = YES_ERROR;
				CLANG_WARN_DOCUMENTATION_COMMENTS = YES;
				CLANG_WARN_EMPTY_BODY = YES;
				CLANG_WARN_ENUM_CONVERSION = YES;
				CLANG_WARN_INFINITE_RECURSION = YES;
				CLANG_WARN_INT_CONVERSION = YES;
				CLANG_WARN_NON_LITERAL_NULL_CONVERSION = YES;
				CLANG_WARN_OBJC_IMPLICIT_RETAIN_SELF = YES;
				CLANG_WARN_OBJC_LITERAL_CONVERSION = YES;
				CLANG_WARN_OBJC_ROOT_CLASS = YES_ERROR;
				CLANG_WARN_QUOTED_INCLUDE_IN_FRAMEWORK_HEADER = YES;
				CLANG_WARN_RANGE_LOOP_ANALYSIS = YES;
				CLANG_WARN_STRICT_PROTOTYPES = YES;
				CLANG_WARN_SUSPICIOUS_MOVE = YES;
				CLANG_WARN_UNGUARDED_AVAILABILITY = YES_AGGRESSIVE;
				CLANG_WARN_UNREACHABLE_CODE = YES;
				CLANG_WARN__DUPLICATE_METHOD_MATCH = YES;
				COPY_PHASE_STRIP = NO;
				DEBUG_INFORMATION_FORMAT = dwarf;
				DEVELOPMENT_TEAM = 93T3LG4NPG;
				ENABLE_STRICT_OBJC_MSGSEND = YES;
				ENABLE_TESTABILITY = YES;
				ENABLE_USER_SCRIPT_SANDBOXING = NO;
				GCC_C_LANGUAGE_STANDARD = gnu17;
				GCC_DYNAMIC_NO_PIC = NO;
				GCC_NO_COMMON_BLOCKS = YES;
				GCC_OPTIMIZATION_LEVEL = 0;
				GCC_PREPROCESSOR_DEFINITIONS = (
					"DEBUG=1",
					"$(inherited)",
				);
				GCC_WARN_64_TO_32_BIT_CONVERSION = YES;
				GCC_WARN_ABOUT_RETURN_TYPE = YES_ERROR;
				GCC_WARN_UNDECLARED_SELECTOR = YES;
				GCC_WARN_UNINITIALIZED_AUTOS = YES_AGGRESSIVE;
				GCC_WARN_UNUSED_FUNCTION = YES;
				GCC_WARN_UNUSED_VARIABLE = YES;
				LOCALIZATION_PREFERS_STRING_CATALOGS = YES;
				MTL_ENABLE_DEBUG_INFO = INCLUDE_SOURCE;
				MTL_FAST_MATH = YES;
				ONLY_ACTIVE_ARCH = YES;
				SWIFT_ACTIVE_COMPILATION_CONDITIONS = "DEBUG $(inherited)";
				SWIFT_OPTIMIZATION_LEVEL = "-Onone";
			};
			name = Debug;
		};
		C2DDF2B32E9BA66A00E76D0A /* Release */ = {
			isa = XCBuildConfiguration;
			buildSettings = {
				ALWAYS_SEARCH_USER_PATHS = NO;
				ASSETCATALOG_COMPILER_GENERATE_SWIFT_ASSET_SYMBOL_EXTENSIONS = YES;
				CLANG_ANALYZER_NONNULL = YES;
				CLANG_ANALYZER_NUMBER_OBJECT_CONVERSION = YES_AGGRESSIVE;
				CLANG_CXX_LANGUAGE_STANDARD = "gnu++20";
				CLANG_ENABLE_MODULES = YES;
				CLANG_ENABLE_OBJC_ARC = YES;
				CLANG_ENABLE_OBJC_WEAK = YES;
				CLANG_WARN_BLOCK_CAPTURE_AUTORELEASING = YES;
				CLANG_WARN_BOOL_CONVERSION = YES;
				CLANG_WARN_COMMA = YES;
				CLANG_WARN_CONSTANT_CONVERSION = YES;
				CLANG_WARN_DEPRECATED_OBJC_IMPLEMENTATIONS = YES;
				CLANG_WARN_DIRECT_OBJC_ISA_USAGE = YES_ERROR;
				CLANG_WARN_DOCUMENTATION_COMMENTS = YES;
				CLANG_WARN_EMPTY_BODY = YES;
				CLANG_WARN_ENUM_CONVERSION = YES;
				CLANG_WARN_INFINITE_RECURSION = YES;
				CLANG_WARN_INT_CONVERSION = YES;
				CLANG_WARN_NON_LITERAL_NULL_CONVERSION = YES;
				CLANG_WARN_OBJC_IMPLICIT_RETAIN_SELF = YES;
				CLANG_WARN_OBJC_LITERAL_CONVERSION = YES;
				CLANG_WARN_OBJC_ROOT_CLASS = YES_ERROR;
				CLANG_WARN_QUOTED_INCLUDE_IN_FRAMEWORK_HEADER = YES;
				CLANG_WARN_RANGE_LOOP_ANALYSIS = YES;
				CLANG_WARN_STRICT_PROTOTYPES = YES;
				CLANG_WARN_SUSPICIOUS_MOVE = YES;
				CLANG_WARN_UNGUARDED_AVAILABILITY = YES_AGGRESSIVE;
				CLANG_WARN_UNREACHABLE_CODE = YES;
				CLANG_WARN__DUPLICATE_METHOD_MATCH = YES;
				COPY_PHASE_STRIP = NO;
				DEBUG_INFORMATION_FORMAT = "dwarf-with-dsym";
				DEVELOPMENT_TEAM = 93T3LG4NPG;
				ENABLE_NS_ASSERTIONS = NO;
				ENABLE_STRICT_OBJC_MSGSEND = YES;
				ENABLE_USER_SCRIPT_SANDBOXING = NO;
				GCC_C_LANGUAGE_STANDARD = gnu17;
				GCC_NO_COMMON_BLOCKS = YES;
				GCC_WARN_64_TO_32_BIT_CONVERSION = YES;
				GCC_WARN_ABOUT_RETURN_TYPE = YES_ERROR;
				GCC_WARN_UNDECLARED_SELECTOR = YES;
				GCC_WARN_UNINITIALIZED_AUTOS = YES_AGGRESSIVE;
				GCC_WARN_UNUSED_FUNCTION = YES;
				GCC_WARN_UNUSED_VARIABLE = YES;
				LOCALIZATION_PREFERS_STRING_CATALOGS = YES;
				MTL_ENABLE_DEBUG_INFO = NO;
				MTL_FAST_MATH = YES;
				SWIFT_COMPILATION_MODE = wholemodule;
			};
			name = Release;
		};
		C2DDF2B52E9BA66A00E76D0A /* Debug */ = {
			isa = XCBuildConfiguration;
			buildSettings = {
				BUNDLE_LOADER = "$(TEST_HOST)";
				CODE_SIGN_STYLE = Automatic;
				CURRENT_PROJECT_VERSION = 1;
				DEVELOPMENT_TEAM = 93T3LG4NPG;
				GENERATE_INFOPLIST_FILE = YES;
				IPHONEOS_DEPLOYMENT_TARGET = 17.0;
				MACOSX_DEPLOYMENT_TARGET = 14.0;
				MARKETING_VERSION = 1.0;
				PRODUCT_BUNDLE_IDENTIFIER = "com.mirror-labs.MirrorBuddyTests";
				PRODUCT_NAME = "$(TARGET_NAME)";
				SDKROOT = auto;
				STRING_CATALOG_GENERATE_SYMBOLS = NO;
				SUPPORTED_PLATFORMS = "iphoneos iphonesimulator macosx xros xrsimulator";
				SWIFT_APPROACHABLE_CONCURRENCY = YES;
				SWIFT_EMIT_LOC_STRINGS = NO;
				SWIFT_STRICT_CONCURRENCY = complete;
				SWIFT_UPCOMING_FEATURE_MEMBER_IMPORT_VISIBILITY = YES;
				SWIFT_VERSION = 6.0;
				TARGETED_DEVICE_FAMILY = "1,2,7";
				TEST_HOST = "$(BUILT_PRODUCTS_DIR)/MirrorBuddy.app/$(BUNDLE_EXECUTABLE_FOLDER_PATH)/MirrorBuddy";
				XROS_DEPLOYMENT_TARGET = 26.0;
			};
			name = Debug;
		};
		C2DDF2B62E9BA66A00E76D0A /* Release */ = {
			isa = XCBuildConfiguration;
			buildSettings = {
				BUNDLE_LOADER = "$(TEST_HOST)";
				CODE_SIGN_STYLE = Automatic;
				CURRENT_PROJECT_VERSION = 1;
				DEVELOPMENT_TEAM = 93T3LG4NPG;
				GENERATE_INFOPLIST_FILE = YES;
				IPHONEOS_DEPLOYMENT_TARGET = 17.0;
				MACOSX_DEPLOYMENT_TARGET = 14.0;
				MARKETING_VERSION = 1.0;
				PRODUCT_BUNDLE_IDENTIFIER = "com.mirror-labs.MirrorBuddyTests";
				PRODUCT_NAME = "$(TARGET_NAME)";
				SDKROOT = auto;
				STRING_CATALOG_GENERATE_SYMBOLS = NO;
				SUPPORTED_PLATFORMS = "iphoneos iphonesimulator macosx xros xrsimulator";
				SWIFT_APPROACHABLE_CONCURRENCY = YES;
				SWIFT_EMIT_LOC_STRINGS = NO;
				SWIFT_STRICT_CONCURRENCY = complete;
				SWIFT_UPCOMING_FEATURE_MEMBER_IMPORT_VISIBILITY = YES;
				SWIFT_VERSION = 6.0;
				TARGETED_DEVICE_FAMILY = "1,2,7";
				TEST_HOST = "$(BUILT_PRODUCTS_DIR)/MirrorBuddy.app/$(BUNDLE_EXECUTABLE_FOLDER_PATH)/MirrorBuddy";
				XROS_DEPLOYMENT_TARGET = 26.0;
			};
			name = Release;
		};
		C2DDF2B82E9BA66A00E76D0A /* Debug */ = {
			isa = XCBuildConfiguration;
			buildSettings = {
				CODE_SIGN_STYLE = Automatic;
				CURRENT_PROJECT_VERSION = 1;
				DEVELOPMENT_TEAM = 93T3LG4NPG;
				GENERATE_INFOPLIST_FILE = YES;
				IPHONEOS_DEPLOYMENT_TARGET = 17.0;
				MACOSX_DEPLOYMENT_TARGET = 14.0;
				MARKETING_VERSION = 1.0;
				PRODUCT_BUNDLE_IDENTIFIER = "com.mirror-labs.MirrorBuddyUITests";
				PRODUCT_NAME = "$(TARGET_NAME)";
				SDKROOT = auto;
				STRING_CATALOG_GENERATE_SYMBOLS = NO;
				SUPPORTED_PLATFORMS = "iphoneos iphonesimulator macosx xros xrsimulator";
				SWIFT_APPROACHABLE_CONCURRENCY = YES;
				SWIFT_EMIT_LOC_STRINGS = NO;
				SWIFT_STRICT_CONCURRENCY = complete;
				SWIFT_UPCOMING_FEATURE_MEMBER_IMPORT_VISIBILITY = YES;
				SWIFT_VERSION = 6.0;
				TARGETED_DEVICE_FAMILY = "1,2,7";
				TEST_TARGET_NAME = MirrorBuddy;
				XROS_DEPLOYMENT_TARGET = 26.0;
			};
			name = Debug;
		};
		C2DDF2B92E9BA66A00E76D0A /* Release */ = {
			isa = XCBuildConfiguration;
			buildSettings = {
				CODE_SIGN_STYLE = Automatic;
				CURRENT_PROJECT_VERSION = 1;
				DEVELOPMENT_TEAM = 93T3LG4NPG;
				GENERATE_INFOPLIST_FILE = YES;
				IPHONEOS_DEPLOYMENT_TARGET = 17.0;
				MACOSX_DEPLOYMENT_TARGET = 14.0;
				MARKETING_VERSION = 1.0;
				PRODUCT_BUNDLE_IDENTIFIER = "com.mirror-labs.MirrorBuddyUITests";
				PRODUCT_NAME = "$(TARGET_NAME)";
				SDKROOT = auto;
				STRING_CATALOG_GENERATE_SYMBOLS = NO;
				SUPPORTED_PLATFORMS = "iphoneos iphonesimulator macosx xros xrsimulator";
				SWIFT_APPROACHABLE_CONCURRENCY = YES;
				SWIFT_EMIT_LOC_STRINGS = NO;
				SWIFT_STRICT_CONCURRENCY = complete;
				SWIFT_UPCOMING_FEATURE_MEMBER_IMPORT_VISIBILITY = YES;
				SWIFT_VERSION = 6.0;
				TARGETED_DEVICE_FAMILY = "1,2,7";
				TEST_TARGET_NAME = MirrorBuddy;
				XROS_DEPLOYMENT_TARGET = 26.0;
			};
			name = Release;
		};
/* End XCBuildConfiguration section */

/* Begin XCConfigurationList section */
		A93A5F662EA8D72C00FCB2F2 /* Build configuration list for PBXNativeTarget "MirrorBuddy macOS" */ = {
			isa = XCConfigurationList;
			buildConfigurations = (
				A93A5F672EA8D72C00FCB2F2 /* Debug */,
				A93A5F682EA8D72C00FCB2F2 /* Release */,
			);
			defaultConfigurationIsVisible = 0;
			defaultConfigurationName = Release;
		};
		A93A5F692EA8D72C00FCB2F2 /* Build configuration list for PBXNativeTarget "MirrorBuddy macOSTests" */ = {
			isa = XCConfigurationList;
			buildConfigurations = (
				A93A5F6A2EA8D72C00FCB2F2 /* Debug */,
				A93A5F6B2EA8D72C00FCB2F2 /* Release */,
			);
			defaultConfigurationIsVisible = 0;
			defaultConfigurationName = Release;
		};
		A93A5F6C2EA8D72C00FCB2F2 /* Build configuration list for PBXNativeTarget "MirrorBuddy macOSUITests" */ = {
			isa = XCConfigurationList;
			buildConfigurations = (
				A93A5F6D2EA8D72C00FCB2F2 /* Debug */,
				A93A5F6E2EA8D72C00FCB2F2 /* Release */,
			);
			defaultConfigurationIsVisible = 0;
			defaultConfigurationName = Release;
		};
		C2DDF2862E9BA66800E76D0A /* Build configuration list for PBXProject "MirrorBuddy" */ = {
			isa = XCConfigurationList;
			buildConfigurations = (
				C2DDF2B22E9BA66A00E76D0A /* Debug */,
				C2DDF2B32E9BA66A00E76D0A /* Release */,
			);
			defaultConfigurationIsVisible = 0;
			defaultConfigurationName = Release;
		};
		C2DDF2AF2E9BA66A00E76D0A /* Build configuration list for PBXNativeTarget "MirrorBuddy" */ = {
			isa = XCConfigurationList;
			buildConfigurations = (
				C2DDF2B02E9BA66A00E76D0A /* Debug */,
				C2DDF2B12E9BA66A00E76D0A /* Release */,
			);
			defaultConfigurationIsVisible = 0;
			defaultConfigurationName = Release;
		};
		C2DDF2B42E9BA66A00E76D0A /* Build configuration list for PBXNativeTarget "MirrorBuddyTests" */ = {
			isa = XCConfigurationList;
			buildConfigurations = (
				C2DDF2B52E9BA66A00E76D0A /* Debug */,
				C2DDF2B62E9BA66A00E76D0A /* Release */,
			);
			defaultConfigurationIsVisible = 0;
			defaultConfigurationName = Release;
		};
		C2DDF2B72E9BA66A00E76D0A /* Build configuration list for PBXNativeTarget "MirrorBuddyUITests" */ = {
			isa = XCConfigurationList;
			buildConfigurations = (
				C2DDF2B82E9BA66A00E76D0A /* Debug */,
				C2DDF2B92E9BA66A00E76D0A /* Release */,
			);
			defaultConfigurationIsVisible = 0;
			defaultConfigurationName = Release;
		};
/* End XCConfigurationList section */
	};
	rootObject = C2DDF2832E9BA66800E76D0A /* Project object */;
}
